
Microsoft Visual Studio Solution File, Format Version 12.00
# Visual Studio Version 17
VisualStudioVersion = 17.4.33103.184
MinimumVisualStudioVersion = 10.0.40219.1
Project("{9A19103F-16F7-4668-BE54-9A1E7A4F7556}") = "GestaoNotas", "GestaoNotas\GestaoNotas.csproj", "{20E99B1C-215C-4AAA-8843-255E0A5EB9CF}"
EndProject
Project("{2150E333-8FDC-42A3-9474-1A3956D46DE8}") = "Gestao.MVC", "Gestao.MVC", "{60794B52-84A7-4FC3-AA31-6985870A87E4}"
EndProject
Global
	GlobalSection(SolutionConfigurationPlatforms) = preSolution
		Debug|Any CPU = Debug|Any CPU
		Release|Any CPU = Release|Any CPU
	EndGlobalSection
	GlobalSection(ProjectConfigurationPlatforms) = postSolution
		{20E99B1C-215C-4AAA-8843-255E0A5EB9CF}.Debug|Any CPU.ActiveCfg = Debug|Any CPU
		{20E99B1C-215C-4AAA-8843-255E0A5EB9CF}.Debug|Any CPU.Build.0 = Debug|Any CPU
		{20E99B1C-215C-4AAA-8843-255E0A5EB9CF}.Release|Any CPU.ActiveCfg = Release|Any CPU
		{20E99B1C-215C-4AAA-8843-255E0A5EB9CF}.Release|Any CPU.Build.0 = Release|Any CPU
	EndGlobalSection
	GlobalSection(SolutionProperties) = preSolution
		HideSolutionNode = FALSE
	EndGlobalSection
	GlobalSection(NestedProjects) = preSolution
		{20E99B1C-215C-4AAA-8843-255E0A5EB9CF} = {60794B52-84A7-4FC3-AA31-6985870A87E4}
	EndGlobalSection
	GlobalSection(ExtensibilityGlobals) = postSolution
		SolutionGuid = {683A1853-A667-4E82-9AD3-7B874488DF63}
	EndGlobalSection
EndGlobal
